
Microsoft Visual Studio Solution File, Format Version 12.00
# Visual Studio Version 16
VisualStudioVersion = 16.0.30523.141
MinimumVisualStudioVersion = 10.0.40219.1
Project("{2150E333-8FDC-42A3-9474-1A3956D46DE8}") = "Domain", "Domain", "{EF082BB8-519F-4D5C-A21E-7564297597BD}"
EndProject
Project("{2150E333-8FDC-42A3-9474-1A3956D46DE8}") = "Infra.Bus", "Infra.Bus", "{BD987D45-F51D-4ED3-B79D-5BF9693189EC}"
EndProject
Project("{2150E333-8FDC-42A3-9474-1A3956D46DE8}") = "Infra.Ioc", "Infra.Ioc", "{D2AB141E-27FD-4813-9962-ADD1ABF98500}"
EndProject
Project("{2150E333-8FDC-42A3-9474-1A3956D46DE8}") = "Microservices", "Microservices", "{089907F4-B8B6-4EBC-BE55-B9784D499772}"
EndProject
Project("{2150E333-8FDC-42A3-9474-1A3956D46DE8}") = "Presentation", "Presentation", "{0F677E3E-5995-429E-8D59-27095E553A0F}"
EndProject
Project("{9A19103F-16F7-4668-BE54-9A1E7A4F7556}") = "MicroRabbit.Domain.Core", "MicroRabbit.Domain.Core\MicroRabbit.Domain.Core.csproj", "{F1A983E6-C644-4DB5-BBF6-A10AB06C30D9}"
EndProject
Project("{FAE04EC0-301F-11D3-BF4B-00C04F79EFBC}") = "MicroRabbit.Infra.Bus", "MicroRabbit.Infra.Bus\MicroRabbit.Infra.Bus.csproj", "{D90A79E3-41D1-4448-A4C6-626A31E08B25}"
EndProject
Global
	GlobalSection(SolutionConfigurationPlatforms) = preSolution
		Debug|Any CPU = Debug|Any CPU
		Release|Any CPU = Release|Any CPU
	EndGlobalSection
	GlobalSection(ProjectConfigurationPlatforms) = postSolution
		{F1A983E6-C644-4DB5-BBF6-A10AB06C30D9}.Debug|Any CPU.ActiveCfg = Debug|Any CPU
		{F1A983E6-C644-4DB5-BBF6-A10AB06C30D9}.Debug|Any CPU.Build.0 = Debug|Any CPU
		{F1A983E6-C644-4DB5-BBF6-A10AB06C30D9}.Release|Any CPU.ActiveCfg = Release|Any CPU
		{F1A983E6-C644-4DB5-BBF6-A10AB06C30D9}.Release|Any CPU.Build.0 = Release|Any CPU
		{D90A79E3-41D1-4448-A4C6-626A31E08B25}.Debug|Any CPU.ActiveCfg = Debug|Any CPU
		{D90A79E3-41D1-4448-A4C6-626A31E08B25}.Debug|Any CPU.Build.0 = Debug|Any CPU
		{D90A79E3-41D1-4448-A4C6-626A31E08B25}.Release|Any CPU.ActiveCfg = Release|Any CPU
		{D90A79E3-41D1-4448-A4C6-626A31E08B25}.Release|Any CPU.Build.0 = Release|Any CPU
	EndGlobalSection
	GlobalSection(SolutionProperties) = preSolution
		HideSolutionNode = FALSE
	EndGlobalSection
	GlobalSection(NestedProjects) = preSolution
		{F1A983E6-C644-4DB5-BBF6-A10AB06C30D9} = {EF082BB8-519F-4D5C-A21E-7564297597BD}
		{D90A79E3-41D1-4448-A4C6-626A31E08B25} = {BD987D45-F51D-4ED3-B79D-5BF9693189EC}
	EndGlobalSection
	GlobalSection(ExtensibilityGlobals) = postSolution
		SolutionGuid = {9772F838-53AA-4E38-B57D-D15977EE3803}
	EndGlobalSection
EndGlobal
