
Microsoft Visual Studio Solution File, Format Version 12.00
# Visual Studio 15
VisualStudioVersion = 15.0.28307.1267
MinimumVisualStudioVersion = 10.0.40219.1
Project("{2150E333-8FDC-42A3-9474-1A3956D46DE8}") = "Domain", "Domain", "{EF082BB8-519F-4D5C-A21E-7564297597BD}"
EndProject
Project("{2150E333-8FDC-42A3-9474-1A3956D46DE8}") = "Infra.Bus", "Infra.Bus", "{BD987D45-F51D-4ED3-B79D-5BF9693189EC}"
EndProject
Project("{2150E333-8FDC-42A3-9474-1A3956D46DE8}") = "Infra.Ioc", "Infra.Ioc", "{D2AB141E-27FD-4813-9962-ADD1ABF98500}"
EndProject
Project("{2150E333-8FDC-42A3-9474-1A3956D46DE8}") = "Microservices", "Microservices", "{089907F4-B8B6-4EBC-BE55-B9784D499772}"
EndProject
Project("{2150E333-8FDC-42A3-9474-1A3956D46DE8}") = "Presentation", "Presentation", "{0F677E3E-5995-429E-8D59-27095E553A0F}"
EndProject
Project("{9A19103F-16F7-4668-BE54-9A1E7A4F7556}") = "MicroRabbit.Domain.Core", "MicroRabbit.Domain.Core\MicroRabbit.Domain.Core.csproj", "{F1A983E6-C644-4DB5-BBF6-A10AB06C30D9}"
EndProject
Project("{9A19103F-16F7-4668-BE54-9A1E7A4F7556}") = "MicroRabbit.Infra.Bus", "MicroRabbit.Infra.Bus\MicroRabbit.Infra.Bus.csproj", "{D90A79E3-41D1-4448-A4C6-626A31E08B25}"
EndProject
Project("{9A19103F-16F7-4668-BE54-9A1E7A4F7556}") = "MicroRabbit.Infra.Ioc", "MicroRabbit.Infra.Ioc\MicroRabbit.Infra.Ioc.csproj", "{44673BB5-6E2A-4A04-BA35-DCE0AD5106D1}"
EndProject
Project("{2150E333-8FDC-42A3-9474-1A3956D46DE8}") = "Banking", "Banking", "{DB18A1F9-306F-4F0C-9CAB-8522D47FDBAF}"
EndProject
Project("{2150E333-8FDC-42A3-9474-1A3956D46DE8}") = "Api", "Api", "{5A6B4E8B-6E80-4F7F-A10C-A3E46482D75A}"
EndProject
Project("{2150E333-8FDC-42A3-9474-1A3956D46DE8}") = "Application", "Application", "{DBD3D831-437C-4024-B3A4-42EA3D0177B2}"
EndProject
Project("{2150E333-8FDC-42A3-9474-1A3956D46DE8}") = "Data", "Data", "{91AC3802-7A2B-4EA6-B19D-88E10742A923}"
EndProject
Project("{2150E333-8FDC-42A3-9474-1A3956D46DE8}") = "Domain", "Domain", "{268693BD-B595-42E6-B5AA-D1AFF2DCC4A9}"
EndProject
Project("{9A19103F-16F7-4668-BE54-9A1E7A4F7556}") = "MicroRabbit.Banking.Api", "MicroRabbit.Banking.Api\MicroRabbit.Banking.Api.csproj", "{4C68AE0B-6DD8-4603-BF85-638C7D30FB9F}"
EndProject
Project("{9A19103F-16F7-4668-BE54-9A1E7A4F7556}") = "MicroRabbit.Banking.Application", "MicroRabbit.Banking.Application\MicroRabbit.Banking.Application.csproj", "{1BB93C41-E584-4AF6-BAB2-9B41DD61531A}"
EndProject
Project("{9A19103F-16F7-4668-BE54-9A1E7A4F7556}") = "MicroRabbit.Banking.Data", "MicroRabbit.Banking.Data\MicroRabbit.Banking.Data.csproj", "{B272DEC1-AF66-42D1-A1A4-0191BE9CA422}"
EndProject
Project("{9A19103F-16F7-4668-BE54-9A1E7A4F7556}") = "MicroRabbit.Banking.Domain", "MicroRabbit.Banking.Domain\MicroRabbit.Banking.Domain.csproj", "{B052F4CC-F612-4589-BD26-83303C62560A}"
EndProject
Project("{2150E333-8FDC-42A3-9474-1A3956D46DE8}") = "Transfer", "Transfer", "{F1AD940C-0B89-4518-984F-8E87DD895C11}"
EndProject
Project("{2150E333-8FDC-42A3-9474-1A3956D46DE8}") = "Api", "Api", "{D476DCB9-AE1D-4B72-93AE-45C1EDD6F11F}"
EndProject
Project("{2150E333-8FDC-42A3-9474-1A3956D46DE8}") = "Application", "Application", "{E266F2A3-88D8-4F50-808B-DEA97B1F583A}"
EndProject
Project("{2150E333-8FDC-42A3-9474-1A3956D46DE8}") = "Data", "Data", "{AE004229-CC8A-4455-8EA1-D0A4B1B2B223}"
EndProject
Project("{2150E333-8FDC-42A3-9474-1A3956D46DE8}") = "Domain", "Domain", "{7AC6F389-51E0-4604-BFA5-6E78B2478478}"
EndProject
Project("{9A19103F-16F7-4668-BE54-9A1E7A4F7556}") = "MicroRabbit.Transfer.Api", "MicroRabbit.Transfer.Api\MicroRabbit.Transfer.Api.csproj", "{B8A3B588-4936-4140-9862-0BDBD7CF7B5C}"
EndProject
Project("{9A19103F-16F7-4668-BE54-9A1E7A4F7556}") = "MicroRabbit.Transfer.Application", "MicroRabbit.Transfer.Application\MicroRabbit.Transfer.Application.csproj", "{0D1FD41E-34CF-4A61-864D-FAB7B4660499}"
EndProject
Project("{9A19103F-16F7-4668-BE54-9A1E7A4F7556}") = "MicroRabbit.Transfer.Data", "MicroRabbit.Transfer.Data\MicroRabbit.Transfer.Data.csproj", "{7E7DAF92-BAC3-4660-BF86-01027AD94721}"
EndProject
Project("{9A19103F-16F7-4668-BE54-9A1E7A4F7556}") = "MicroRabbit.Transfer.Domain", "MicroRabbit.Transfer.Domain\MicroRabbit.Transfer.Domain.csproj", "{60537551-6E33-44FC-84F1-B89FE464AE11}"
EndProject
Project("{FAE04EC0-301F-11D3-BF4B-00C04F79EFBC}") = "MicroRabbit.MVC", "MicroRabbit.MVC\MicroRabbit.MVC.csproj", "{215C4650-1833-4B07-844A-7E2A8D0813B8}"
EndProject
Global
	GlobalSection(SolutionConfigurationPlatforms) = preSolution
		Debug|Any CPU = Debug|Any CPU
		Release|Any CPU = Release|Any CPU
	EndGlobalSection
	GlobalSection(ProjectConfigurationPlatforms) = postSolution
		{F1A983E6-C644-4DB5-BBF6-A10AB06C30D9}.Debug|Any CPU.ActiveCfg = Debug|Any CPU
		{F1A983E6-C644-4DB5-BBF6-A10AB06C30D9}.Debug|Any CPU.Build.0 = Debug|Any CPU
		{F1A983E6-C644-4DB5-BBF6-A10AB06C30D9}.Release|Any CPU.ActiveCfg = Release|Any CPU
		{F1A983E6-C644-4DB5-BBF6-A10AB06C30D9}.Release|Any CPU.Build.0 = Release|Any CPU
		{D90A79E3-41D1-4448-A4C6-626A31E08B25}.Debug|Any CPU.ActiveCfg = Debug|Any CPU
		{D90A79E3-41D1-4448-A4C6-626A31E08B25}.Debug|Any CPU.Build.0 = Debug|Any CPU
		{D90A79E3-41D1-4448-A4C6-626A31E08B25}.Release|Any CPU.ActiveCfg = Release|Any CPU
		{D90A79E3-41D1-4448-A4C6-626A31E08B25}.Release|Any CPU.Build.0 = Release|Any CPU
		{44673BB5-6E2A-4A04-BA35-DCE0AD5106D1}.Debug|Any CPU.ActiveCfg = Debug|Any CPU
		{44673BB5-6E2A-4A04-BA35-DCE0AD5106D1}.Debug|Any CPU.Build.0 = Debug|Any CPU
		{44673BB5-6E2A-4A04-BA35-DCE0AD5106D1}.Release|Any CPU.ActiveCfg = Release|Any CPU
		{44673BB5-6E2A-4A04-BA35-DCE0AD5106D1}.Release|Any CPU.Build.0 = Release|Any CPU
		{4C68AE0B-6DD8-4603-BF85-638C7D30FB9F}.Debug|Any CPU.ActiveCfg = Debug|Any CPU
		{4C68AE0B-6DD8-4603-BF85-638C7D30FB9F}.Debug|Any CPU.Build.0 = Debug|Any CPU
		{4C68AE0B-6DD8-4603-BF85-638C7D30FB9F}.Release|Any CPU.ActiveCfg = Release|Any CPU
		{4C68AE0B-6DD8-4603-BF85-638C7D30FB9F}.Release|Any CPU.Build.0 = Release|Any CPU
		{1BB93C41-E584-4AF6-BAB2-9B41DD61531A}.Debug|Any CPU.ActiveCfg = Debug|Any CPU
		{1BB93C41-E584-4AF6-BAB2-9B41DD61531A}.Debug|Any CPU.Build.0 = Debug|Any CPU
		{1BB93C41-E584-4AF6-BAB2-9B41DD61531A}.Release|Any CPU.ActiveCfg = Release|Any CPU
		{1BB93C41-E584-4AF6-BAB2-9B41DD61531A}.Release|Any CPU.Build.0 = Release|Any CPU
		{B272DEC1-AF66-42D1-A1A4-0191BE9CA422}.Debug|Any CPU.ActiveCfg = Debug|Any CPU
		{B272DEC1-AF66-42D1-A1A4-0191BE9CA422}.Debug|Any CPU.Build.0 = Debug|Any CPU
		{B272DEC1-AF66-42D1-A1A4-0191BE9CA422}.Release|Any CPU.ActiveCfg = Release|Any CPU
		{B272DEC1-AF66-42D1-A1A4-0191BE9CA422}.Release|Any CPU.Build.0 = Release|Any CPU
		{B052F4CC-F612-4589-BD26-83303C62560A}.Debug|Any CPU.ActiveCfg = Debug|Any CPU
		{B052F4CC-F612-4589-BD26-83303C62560A}.Debug|Any CPU.Build.0 = Debug|Any CPU
		{B052F4CC-F612-4589-BD26-83303C62560A}.Release|Any CPU.ActiveCfg = Release|Any CPU
		{B052F4CC-F612-4589-BD26-83303C62560A}.Release|Any CPU.Build.0 = Release|Any CPU
		{B8A3B588-4936-4140-9862-0BDBD7CF7B5C}.Debug|Any CPU.ActiveCfg = Debug|Any CPU
		{B8A3B588-4936-4140-9862-0BDBD7CF7B5C}.Debug|Any CPU.Build.0 = Debug|Any CPU
		{B8A3B588-4936-4140-9862-0BDBD7CF7B5C}.Release|Any CPU.ActiveCfg = Release|Any CPU
		{B8A3B588-4936-4140-9862-0BDBD7CF7B5C}.Release|Any CPU.Build.0 = Release|Any CPU
		{0D1FD41E-34CF-4A61-864D-FAB7B4660499}.Debug|Any CPU.ActiveCfg = Debug|Any CPU
		{0D1FD41E-34CF-4A61-864D-FAB7B4660499}.Debug|Any CPU.Build.0 = Debug|Any CPU
		{0D1FD41E-34CF-4A61-864D-FAB7B4660499}.Release|Any CPU.ActiveCfg = Release|Any CPU
		{0D1FD41E-34CF-4A61-864D-FAB7B4660499}.Release|Any CPU.Build.0 = Release|Any CPU
		{7E7DAF92-BAC3-4660-BF86-01027AD94721}.Debug|Any CPU.ActiveCfg = Debug|Any CPU
		{7E7DAF92-BAC3-4660-BF86-01027AD94721}.Debug|Any CPU.Build.0 = Debug|Any CPU
		{7E7DAF92-BAC3-4660-BF86-01027AD94721}.Release|Any CPU.ActiveCfg = Release|Any CPU
		{7E7DAF92-BAC3-4660-BF86-01027AD94721}.Release|Any CPU.Build.0 = Release|Any CPU
		{60537551-6E33-44FC-84F1-B89FE464AE11}.Debug|Any CPU.ActiveCfg = Debug|Any CPU
		{60537551-6E33-44FC-84F1-B89FE464AE11}.Debug|Any CPU.Build.0 = Debug|Any CPU
		{60537551-6E33-44FC-84F1-B89FE464AE11}.Release|Any CPU.ActiveCfg = Release|Any CPU
		{60537551-6E33-44FC-84F1-B89FE464AE11}.Release|Any CPU.Build.0 = Release|Any CPU
		{215C4650-1833-4B07-844A-7E2A8D0813B8}.Debug|Any CPU.ActiveCfg = Debug|Any CPU
		{215C4650-1833-4B07-844A-7E2A8D0813B8}.Debug|Any CPU.Build.0 = Debug|Any CPU
		{215C4650-1833-4B07-844A-7E2A8D0813B8}.Release|Any CPU.ActiveCfg = Release|Any CPU
		{215C4650-1833-4B07-844A-7E2A8D0813B8}.Release|Any CPU.Build.0 = Release|Any CPU
	EndGlobalSection
	GlobalSection(SolutionProperties) = preSolution
		HideSolutionNode = FALSE
	EndGlobalSection
	GlobalSection(NestedProjects) = preSolution
		{F1A983E6-C644-4DB5-BBF6-A10AB06C30D9} = {EF082BB8-519F-4D5C-A21E-7564297597BD}
		{D90A79E3-41D1-4448-A4C6-626A31E08B25} = {BD987D45-F51D-4ED3-B79D-5BF9693189EC}
		{44673BB5-6E2A-4A04-BA35-DCE0AD5106D1} = {D2AB141E-27FD-4813-9962-ADD1ABF98500}
		{DB18A1F9-306F-4F0C-9CAB-8522D47FDBAF} = {089907F4-B8B6-4EBC-BE55-B9784D499772}
		{5A6B4E8B-6E80-4F7F-A10C-A3E46482D75A} = {DB18A1F9-306F-4F0C-9CAB-8522D47FDBAF}
		{DBD3D831-437C-4024-B3A4-42EA3D0177B2} = {DB18A1F9-306F-4F0C-9CAB-8522D47FDBAF}
		{91AC3802-7A2B-4EA6-B19D-88E10742A923} = {DB18A1F9-306F-4F0C-9CAB-8522D47FDBAF}
		{268693BD-B595-42E6-B5AA-D1AFF2DCC4A9} = {DB18A1F9-306F-4F0C-9CAB-8522D47FDBAF}
		{4C68AE0B-6DD8-4603-BF85-638C7D30FB9F} = {5A6B4E8B-6E80-4F7F-A10C-A3E46482D75A}
		{1BB93C41-E584-4AF6-BAB2-9B41DD61531A} = {DBD3D831-437C-4024-B3A4-42EA3D0177B2}
		{B272DEC1-AF66-42D1-A1A4-0191BE9CA422} = {91AC3802-7A2B-4EA6-B19D-88E10742A923}
		{B052F4CC-F612-4589-BD26-83303C62560A} = {268693BD-B595-42E6-B5AA-D1AFF2DCC4A9}
		{F1AD940C-0B89-4518-984F-8E87DD895C11} = {089907F4-B8B6-4EBC-BE55-B9784D499772}
		{D476DCB9-AE1D-4B72-93AE-45C1EDD6F11F} = {F1AD940C-0B89-4518-984F-8E87DD895C11}
		{E266F2A3-88D8-4F50-808B-DEA97B1F583A} = {F1AD940C-0B89-4518-984F-8E87DD895C11}
		{AE004229-CC8A-4455-8EA1-D0A4B1B2B223} = {F1AD940C-0B89-4518-984F-8E87DD895C11}
		{7AC6F389-51E0-4604-BFA5-6E78B2478478} = {F1AD940C-0B89-4518-984F-8E87DD895C11}
		{B8A3B588-4936-4140-9862-0BDBD7CF7B5C} = {D476DCB9-AE1D-4B72-93AE-45C1EDD6F11F}
		{0D1FD41E-34CF-4A61-864D-FAB7B4660499} = {E266F2A3-88D8-4F50-808B-DEA97B1F583A}
		{7E7DAF92-BAC3-4660-BF86-01027AD94721} = {AE004229-CC8A-4455-8EA1-D0A4B1B2B223}
		{60537551-6E33-44FC-84F1-B89FE464AE11} = {7AC6F389-51E0-4604-BFA5-6E78B2478478}
		{215C4650-1833-4B07-844A-7E2A8D0813B8} = {0F677E3E-5995-429E-8D59-27095E553A0F}
	EndGlobalSection
	GlobalSection(ExtensibilityGlobals) = postSolution
		SolutionGuid = {9772F838-53AA-4E38-B57D-D15977EE3803}
	EndGlobalSection
EndGlobal
